
Microsoft Visual Studio Solution File, Format Version 12.00
# Visual Studio Version 17
VisualStudioVersion = 17.13.35828.75 d17.13
MinimumVisualStudioVersion = 10.0.40219.1
Project("{FAE04EC0-301F-11D3-BF4B-00C04F79EFBC}") = "Reports.UI", "Reports.UI\Reports.UI.csproj", "{EF4EDC05-1EDC-495A-883A-0360EA6D7F22}"
EndProject
Project("{FAE04EC0-301F-11D3-BF4B-00C04F79EFBC}") = "Reports.Core", "Reports.Core\Reports.Core.csproj", "{F89466CB-DC51-45DB-9990-36E7331FB37A}"
EndProject
Project("{FAE04EC0-301F-11D3-BF4B-00C04F79EFBC}") = "Reports.Data", "Reports.Data\Reports.Data.csproj", "{871B6DE3-D1CD-4DE4-82CC-CF0BFBB77753}"
EndProject
Project("{FAE04EC0-301F-11D3-BF4B-00C04F79EFBC}") = "Reports.NH", "Reports.NH\Reports.NH.csproj", "{D74B1F44-27A3-4C4B-AE17-A919E2A79BC0}"
EndProject
Project("{FAE04EC0-301F-11D3-BF4B-00C04F79EFBC}") = "Reports.BLL", "Reports.BLL\Reports.BLL.csproj", "{00E6F1C9-1796-418E-8ADE-9DC34D533BE3}"
EndProject
Project("{FAE04EC0-301F-11D3-BF4B-00C04F79EFBC}") = "Reports.Web", "Reports.Web\Reports.Web.csproj", "{502D981D-2198-4B6D-8C87-0461A81F20E0}"
EndProject
Global
	GlobalSection(SolutionConfigurationPlatforms) = preSolution
		Debug|Any CPU = Debug|Any CPU
		ITG|Any CPU = ITG|Any CPU
		QA|Any CPU = QA|Any CPU
		Release|Any CPU = Release|Any CPU
	EndGlobalSection
	GlobalSection(ProjectConfigurationPlatforms) = postSolution
		{EF4EDC05-1EDC-495A-883A-0360EA6D7F22}.Debug|Any CPU.ActiveCfg = Debug|Any CPU
		{EF4EDC05-1EDC-495A-883A-0360EA6D7F22}.Debug|Any CPU.Build.0 = Debug|Any CPU
		{EF4EDC05-1EDC-495A-883A-0360EA6D7F22}.ITG|Any CPU.ActiveCfg = ITG|Any CPU
		{EF4EDC05-1EDC-495A-883A-0360EA6D7F22}.ITG|Any CPU.Build.0 = ITG|Any CPU
		{EF4EDC05-1EDC-495A-883A-0360EA6D7F22}.QA|Any CPU.ActiveCfg = QA|Any CPU
		{EF4EDC05-1EDC-495A-883A-0360EA6D7F22}.QA|Any CPU.Build.0 = QA|Any CPU
		{EF4EDC05-1EDC-495A-883A-0360EA6D7F22}.Release|Any CPU.ActiveCfg = Release|Any CPU
		{EF4EDC05-1EDC-495A-883A-0360EA6D7F22}.Release|Any CPU.Build.0 = Release|Any CPU
		{F89466CB-DC51-45DB-9990-36E7331FB37A}.Debug|Any CPU.ActiveCfg = Debug|Any CPU
		{F89466CB-DC51-45DB-9990-36E7331FB37A}.Debug|Any CPU.Build.0 = Debug|Any CPU
		{F89466CB-DC51-45DB-9990-36E7331FB37A}.ITG|Any CPU.ActiveCfg = ITG|Any CPU
		{F89466CB-DC51-45DB-9990-36E7331FB37A}.ITG|Any CPU.Build.0 = ITG|Any CPU
		{F89466CB-DC51-45DB-9990-36E7331FB37A}.QA|Any CPU.ActiveCfg = QA|Any CPU
		{F89466CB-DC51-45DB-9990-36E7331FB37A}.QA|Any CPU.Build.0 = QA|Any CPU
		{F89466CB-DC51-45DB-9990-36E7331FB37A}.Release|Any CPU.ActiveCfg = Release|Any CPU
		{F89466CB-DC51-45DB-9990-36E7331FB37A}.Release|Any CPU.Build.0 = Release|Any CPU
		{871B6DE3-D1CD-4DE4-82CC-CF0BFBB77753}.Debug|Any CPU.ActiveCfg = Debug|Any CPU
		{871B6DE3-D1CD-4DE4-82CC-CF0BFBB77753}.Debug|Any CPU.Build.0 = Debug|Any CPU
		{871B6DE3-D1CD-4DE4-82CC-CF0BFBB77753}.ITG|Any CPU.ActiveCfg = ITG|Any CPU
		{871B6DE3-D1CD-4DE4-82CC-CF0BFBB77753}.ITG|Any CPU.Build.0 = ITG|Any CPU
		{871B6DE3-D1CD-4DE4-82CC-CF0BFBB77753}.QA|Any CPU.ActiveCfg = QA|Any CPU
		{871B6DE3-D1CD-4DE4-82CC-CF0BFBB77753}.QA|Any CPU.Build.0 = QA|Any CPU
		{871B6DE3-D1CD-4DE4-82CC-CF0BFBB77753}.Release|Any CPU.ActiveCfg = Release|Any CPU
		{871B6DE3-D1CD-4DE4-82CC-CF0BFBB77753}.Release|Any CPU.Build.0 = Release|Any CPU
		{D74B1F44-27A3-4C4B-AE17-A919E2A79BC0}.Debug|Any CPU.ActiveCfg = Debug|Any CPU
		{D74B1F44-27A3-4C4B-AE17-A919E2A79BC0}.Debug|Any CPU.Build.0 = Debug|Any CPU
		{D74B1F44-27A3-4C4B-AE17-A919E2A79BC0}.ITG|Any CPU.ActiveCfg = ITG|Any CPU
		{D74B1F44-27A3-4C4B-AE17-A919E2A79BC0}.ITG|Any CPU.Build.0 = ITG|Any CPU
		{D74B1F44-27A3-4C4B-AE17-A919E2A79BC0}.QA|Any CPU.ActiveCfg = QA|Any CPU
		{D74B1F44-27A3-4C4B-AE17-A919E2A79BC0}.QA|Any CPU.Build.0 = QA|Any CPU
		{D74B1F44-27A3-4C4B-AE17-A919E2A79BC0}.Release|Any CPU.ActiveCfg = Release|Any CPU
		{D74B1F44-27A3-4C4B-AE17-A919E2A79BC0}.Release|Any CPU.Build.0 = Release|Any CPU
		{00E6F1C9-1796-418E-8ADE-9DC34D533BE3}.Debug|Any CPU.ActiveCfg = Debug|Any CPU
		{00E6F1C9-1796-418E-8ADE-9DC34D533BE3}.Debug|Any CPU.Build.0 = Debug|Any CPU
		{00E6F1C9-1796-418E-8ADE-9DC34D533BE3}.ITG|Any CPU.ActiveCfg = ITG|Any CPU
		{00E6F1C9-1796-418E-8ADE-9DC34D533BE3}.ITG|Any CPU.Build.0 = ITG|Any CPU
		{00E6F1C9-1796-418E-8ADE-9DC34D533BE3}.QA|Any CPU.ActiveCfg = QA|Any CPU
		{00E6F1C9-1796-418E-8ADE-9DC34D533BE3}.QA|Any CPU.Build.0 = QA|Any CPU
		{00E6F1C9-1796-418E-8ADE-9DC34D533BE3}.Release|Any CPU.ActiveCfg = Release|Any CPU
		{00E6F1C9-1796-418E-8ADE-9DC34D533BE3}.Release|Any CPU.Build.0 = Release|Any CPU
		{502D981D-2198-4B6D-8C87-0461A81F20E0}.Debug|Any CPU.ActiveCfg = Debug|Any CPU
		{502D981D-2198-4B6D-8C87-0461A81F20E0}.Debug|Any CPU.Build.0 = Debug|Any CPU
		{502D981D-2198-4B6D-8C87-0461A81F20E0}.ITG|Any CPU.ActiveCfg = ITG|Any CPU
		{502D981D-2198-4B6D-8C87-0461A81F20E0}.ITG|Any CPU.Build.0 = ITG|Any CPU
		{502D981D-2198-4B6D-8C87-0461A81F20E0}.QA|Any CPU.ActiveCfg = QA|Any CPU
		{502D981D-2198-4B6D-8C87-0461A81F20E0}.QA|Any CPU.Build.0 = QA|Any CPU
		{502D981D-2198-4B6D-8C87-0461A81F20E0}.Release|Any CPU.ActiveCfg = Release|Any CPU
		{502D981D-2198-4B6D-8C87-0461A81F20E0}.Release|Any CPU.Build.0 = Release|Any CPU
	EndGlobalSection
	GlobalSection(SolutionProperties) = preSolution
		HideSolutionNode = FALSE
	EndGlobalSection
	GlobalSection(ExtensibilityGlobals) = postSolution
		SolutionGuid = {90C3A489-A85B-4144-975E-E6FCCEE21F1A}
	EndGlobalSection
EndGlobal
